
Microsoft Visual Studio Solution File, Format Version 12.00
# Visual Studio Version 17
VisualStudioVersion = 17.7.34031.279
MinimumVisualStudioVersion = 10.0.40219.1
Project("{FAE04EC0-301F-11D3-BF4B-00C04F79EFBC}") = "NeuralNetworks", "NeuralNetworks.csproj", "{8C9770F1-C216-41F9-849D-7F1C07DE699F}"
EndProject
Global
	GlobalSection(SolutionConfigurationPlatforms) = preSolution
		Debug|Any CPU = Debug|Any CPU
		Release|Any CPU = Release|Any CPU
	EndGlobalSection
	GlobalSection(ProjectConfigurationPlatforms) = postSolution
		{8C9770F1-C216-41F9-849D-7F1C07DE699F}.Debug|Any CPU.ActiveCfg = Debug|Any CPU
		{8C9770F1-C216-41F9-849D-7F1C07DE699F}.Debug|Any CPU.Build.0 = Debug|Any CPU
		{8C9770F1-C216-41F9-849D-7F1C07DE699F}.Release|Any CPU.ActiveCfg = Release|Any CPU
		{8C9770F1-C216-41F9-849D-7F1C07DE699F}.Release|Any CPU.Build.0 = Release|Any CPU
	EndGlobalSection
	GlobalSection(SolutionProperties) = preSolution
		HideSolutionNode = FALSE
	EndGlobalSection
	GlobalSection(ExtensibilityGlobals) = postSolution
		SolutionGuid = {0D0D97E3-9138-4F84-9F55-170CECF52BA9}
	EndGlobalSection
EndGlobal
